
Microsoft Visual Studio Solution File, Format Version 11.00
# Visual Studio 2010
Project("{FAE04EC0-301F-11D3-BF4B-00C04F79EFBC}") = "tex-conv-gui", "tex-conv-gui\tex-conv-gui.csproj", "{29AF83FF-8F2C-4E61-A82D-9E9788140337}"
EndProject
Project("{8BC9CEB8-8B4A-11D0-8D11-00A0C91BC942}") = "tex-conv-core", "tex-conv-core\tex-conv-core.vcxproj", "{DCA23F68-9897-4BE0-BCFB-892492E5E1DF}"
EndProject
Project("{8BC9CEB8-8B4A-11D0-8D11-00A0C91BC942}") = "plugin-png", "plugin-png\plugin-png.vcxproj", "{0FA44C8C-F77C-4DB3-A432-70B467B2A1EB}"
EndProject
Project("{2150E333-8FDC-42A3-9474-1A3956D46DE8}") = "plugins", "plugins", "{FCF80099-DDEB-4B56-A5C2-D5AFF6945625}"
EndProject
Project("{2150E333-8FDC-42A3-9474-1A3956D46DE8}") = "core", "core", "{57597D93-6546-4315-A7F6-590C3772E6D3}"
EndProject
Global
	GlobalSection(SolutionConfigurationPlatforms) = preSolution
		Debug|Mixed Platforms = Debug|Mixed Platforms
		Debug|Win32 = Debug|Win32
		Debug|x64 = Debug|x64
		Debug|x86 = Debug|x86
		DebugDll|Mixed Platforms = DebugDll|Mixed Platforms
		DebugDll|Win32 = DebugDll|Win32
		DebugDll|x64 = DebugDll|x64
		DebugDll|x86 = DebugDll|x86
		DebugNoEntry|Mixed Platforms = DebugNoEntry|Mixed Platforms
		DebugNoEntry|Win32 = DebugNoEntry|Win32
		DebugNoEntry|x64 = DebugNoEntry|x64
		DebugNoEntry|x86 = DebugNoEntry|x86
		Release|Mixed Platforms = Release|Mixed Platforms
		Release|Win32 = Release|Win32
		Release|x64 = Release|x64
		Release|x86 = Release|x86
		ReleaseDll|Mixed Platforms = ReleaseDll|Mixed Platforms
		ReleaseDll|Win32 = ReleaseDll|Win32
		ReleaseDll|x64 = ReleaseDll|x64
		ReleaseDll|x86 = ReleaseDll|x86
		ReleaseNoEntry|Mixed Platforms = ReleaseNoEntry|Mixed Platforms
		ReleaseNoEntry|Win32 = ReleaseNoEntry|Win32
		ReleaseNoEntry|x64 = ReleaseNoEntry|x64
		ReleaseNoEntry|x86 = ReleaseNoEntry|x86
		ReleaseSafeStl|Mixed Platforms = ReleaseSafeStl|Mixed Platforms
		ReleaseSafeStl|Win32 = ReleaseSafeStl|Win32
		ReleaseSafeStl|x64 = ReleaseSafeStl|x64
		ReleaseSafeStl|x86 = ReleaseSafeStl|x86
	EndGlobalSection
	GlobalSection(ProjectConfigurationPlatforms) = postSolution
		{29AF83FF-8F2C-4E61-A82D-9E9788140337}.Debug|Mixed Platforms.ActiveCfg = Debug|x86
		{29AF83FF-8F2C-4E61-A82D-9E9788140337}.Debug|Mixed Platforms.Build.0 = Debug|x86
		{29AF83FF-8F2C-4E61-A82D-9E9788140337}.Debug|Win32.ActiveCfg = Debug|x86
		{29AF83FF-8F2C-4E61-A82D-9E9788140337}.Debug|x64.ActiveCfg = Debug|x86
		{29AF83FF-8F2C-4E61-A82D-9E9788140337}.Debug|x86.ActiveCfg = Debug|x86
		{29AF83FF-8F2C-4E61-A82D-9E9788140337}.Debug|x86.Build.0 = Debug|x86
		{29AF83FF-8F2C-4E61-A82D-9E9788140337}.DebugDll|Mixed Platforms.ActiveCfg = Debug|x86
		{29AF83FF-8F2C-4E61-A82D-9E9788140337}.DebugDll|Mixed Platforms.Build.0 = Debug|x86
		{29AF83FF-8F2C-4E61-A82D-9E9788140337}.DebugDll|Win32.ActiveCfg = Debug|x86
		{29AF83FF-8F2C-4E61-A82D-9E9788140337}.DebugDll|x64.ActiveCfg = Debug|x86
		{29AF83FF-8F2C-4E61-A82D-9E9788140337}.DebugDll|x86.ActiveCfg = Debug|x86
		{29AF83FF-8F2C-4E61-A82D-9E9788140337}.DebugDll|x86.Build.0 = Debug|x86
		{29AF83FF-8F2C-4E61-A82D-9E9788140337}.DebugNoEntry|Mixed Platforms.ActiveCfg = Debug|x86
		{29AF83FF-8F2C-4E61-A82D-9E9788140337}.DebugNoEntry|Mixed Platforms.Build.0 = Debug|x86
		{29AF83FF-8F2C-4E61-A82D-9E9788140337}.DebugNoEntry|Win32.ActiveCfg = Debug|x86
		{29AF83FF-8F2C-4E61-A82D-9E9788140337}.DebugNoEntry|x64.ActiveCfg = Debug|x86
		{29AF83FF-8F2C-4E61-A82D-9E9788140337}.DebugNoEntry|x86.ActiveCfg = Debug|x86
		{29AF83FF-8F2C-4E61-A82D-9E9788140337}.DebugNoEntry|x86.Build.0 = Debug|x86
		{29AF83FF-8F2C-4E61-A82D-9E9788140337}.Release|Mixed Platforms.ActiveCfg = Release|x86
		{29AF83FF-8F2C-4E61-A82D-9E9788140337}.Release|Mixed Platforms.Build.0 = Release|x86
		{29AF83FF-8F2C-4E61-A82D-9E9788140337}.Release|Win32.ActiveCfg = Release|x86
		{29AF83FF-8F2C-4E61-A82D-9E9788140337}.Release|x64.ActiveCfg = Release|x86
		{29AF83FF-8F2C-4E61-A82D-9E9788140337}.Release|x86.ActiveCfg = Release|x86
		{29AF83FF-8F2C-4E61-A82D-9E9788140337}.Release|x86.Build.0 = Release|x86
		{29AF83FF-8F2C-4E61-A82D-9E9788140337}.ReleaseDll|Mixed Platforms.ActiveCfg = Release|x86
		{29AF83FF-8F2C-4E61-A82D-9E9788140337}.ReleaseDll|Mixed Platforms.Build.0 = Release|x86
		{29AF83FF-8F2C-4E61-A82D-9E9788140337}.ReleaseDll|Win32.ActiveCfg = Release|x86
		{29AF83FF-8F2C-4E61-A82D-9E9788140337}.ReleaseDll|x64.ActiveCfg = Release|x86
		{29AF83FF-8F2C-4E61-A82D-9E9788140337}.ReleaseDll|x86.ActiveCfg = Release|x86
		{29AF83FF-8F2C-4E61-A82D-9E9788140337}.ReleaseDll|x86.Build.0 = Release|x86
		{29AF83FF-8F2C-4E61-A82D-9E9788140337}.ReleaseNoEntry|Mixed Platforms.ActiveCfg = Release|x86
		{29AF83FF-8F2C-4E61-A82D-9E9788140337}.ReleaseNoEntry|Mixed Platforms.Build.0 = Release|x86
		{29AF83FF-8F2C-4E61-A82D-9E9788140337}.ReleaseNoEntry|Win32.ActiveCfg = Release|x86
		{29AF83FF-8F2C-4E61-A82D-9E9788140337}.ReleaseNoEntry|x64.ActiveCfg = Release|x86
		{29AF83FF-8F2C-4E61-A82D-9E9788140337}.ReleaseNoEntry|x86.ActiveCfg = Release|x86
		{29AF83FF-8F2C-4E61-A82D-9E9788140337}.ReleaseNoEntry|x86.Build.0 = Release|x86
		{29AF83FF-8F2C-4E61-A82D-9E9788140337}.ReleaseSafeStl|Mixed Platforms.ActiveCfg = Release|x86
		{29AF83FF-8F2C-4E61-A82D-9E9788140337}.ReleaseSafeStl|Mixed Platforms.Build.0 = Release|x86
		{29AF83FF-8F2C-4E61-A82D-9E9788140337}.ReleaseSafeStl|Win32.ActiveCfg = Release|x86
		{29AF83FF-8F2C-4E61-A82D-9E9788140337}.ReleaseSafeStl|x64.ActiveCfg = Release|x86
		{29AF83FF-8F2C-4E61-A82D-9E9788140337}.ReleaseSafeStl|x86.ActiveCfg = Release|x86
		{29AF83FF-8F2C-4E61-A82D-9E9788140337}.ReleaseSafeStl|x86.Build.0 = Release|x86
		{DCA23F68-9897-4BE0-BCFB-892492E5E1DF}.Debug|Mixed Platforms.ActiveCfg = Debug|Win32
		{DCA23F68-9897-4BE0-BCFB-892492E5E1DF}.Debug|Mixed Platforms.Build.0 = Debug|Win32
		{DCA23F68-9897-4BE0-BCFB-892492E5E1DF}.Debug|Win32.ActiveCfg = Debug|Win32
		{DCA23F68-9897-4BE0-BCFB-892492E5E1DF}.Debug|Win32.Build.0 = Debug|Win32
		{DCA23F68-9897-4BE0-BCFB-892492E5E1DF}.Debug|x64.ActiveCfg = Debug|Win32
		{DCA23F68-9897-4BE0-BCFB-892492E5E1DF}.Debug|x86.ActiveCfg = Debug|Win32
		{DCA23F68-9897-4BE0-BCFB-892492E5E1DF}.DebugDll|Mixed Platforms.ActiveCfg = Debug|Win32
		{DCA23F68-9897-4BE0-BCFB-892492E5E1DF}.DebugDll|Mixed Platforms.Build.0 = Debug|Win32
		{DCA23F68-9897-4BE0-BCFB-892492E5E1DF}.DebugDll|Win32.ActiveCfg = Debug|Win32
		{DCA23F68-9897-4BE0-BCFB-892492E5E1DF}.DebugDll|Win32.Build.0 = Debug|Win32
		{DCA23F68-9897-4BE0-BCFB-892492E5E1DF}.DebugDll|x64.ActiveCfg = Debug|Win32
		{DCA23F68-9897-4BE0-BCFB-892492E5E1DF}.DebugDll|x86.ActiveCfg = Debug|Win32
		{DCA23F68-9897-4BE0-BCFB-892492E5E1DF}.DebugNoEntry|Mixed Platforms.ActiveCfg = Debug|Win32
		{DCA23F68-9897-4BE0-BCFB-892492E5E1DF}.DebugNoEntry|Mixed Platforms.Build.0 = Debug|Win32
		{DCA23F68-9897-4BE0-BCFB-892492E5E1DF}.DebugNoEntry|Win32.ActiveCfg = Debug|Win32
		{DCA23F68-9897-4BE0-BCFB-892492E5E1DF}.DebugNoEntry|Win32.Build.0 = Debug|Win32
		{DCA23F68-9897-4BE0-BCFB-892492E5E1DF}.DebugNoEntry|x64.ActiveCfg = Debug|Win32
		{DCA23F68-9897-4BE0-BCFB-892492E5E1DF}.DebugNoEntry|x86.ActiveCfg = Debug|Win32
		{DCA23F68-9897-4BE0-BCFB-892492E5E1DF}.Release|Mixed Platforms.ActiveCfg = Release|Win32
		{DCA23F68-9897-4BE0-BCFB-892492E5E1DF}.Release|Mixed Platforms.Build.0 = Release|Win32
		{DCA23F68-9897-4BE0-BCFB-892492E5E1DF}.Release|Win32.ActiveCfg = Release|Win32
		{DCA23F68-9897-4BE0-BCFB-892492E5E1DF}.Release|Win32.Build.0 = Release|Win32
		{DCA23F68-9897-4BE0-BCFB-892492E5E1DF}.Release|x64.ActiveCfg = Release|Win32
		{DCA23F68-9897-4BE0-BCFB-892492E5E1DF}.Release|x86.ActiveCfg = Release|Win32
		{DCA23F68-9897-4BE0-BCFB-892492E5E1DF}.ReleaseDll|Mixed Platforms.ActiveCfg = Release|Win32
		{DCA23F68-9897-4BE0-BCFB-892492E5E1DF}.ReleaseDll|Mixed Platforms.Build.0 = Release|Win32
		{DCA23F68-9897-4BE0-BCFB-892492E5E1DF}.ReleaseDll|Win32.ActiveCfg = Release|Win32
		{DCA23F68-9897-4BE0-BCFB-892492E5E1DF}.ReleaseDll|Win32.Build.0 = Release|Win32
		{DCA23F68-9897-4BE0-BCFB-892492E5E1DF}.ReleaseDll|x64.ActiveCfg = Release|Win32
		{DCA23F68-9897-4BE0-BCFB-892492E5E1DF}.ReleaseDll|x86.ActiveCfg = Release|Win32
		{DCA23F68-9897-4BE0-BCFB-892492E5E1DF}.ReleaseNoEntry|Mixed Platforms.ActiveCfg = Release|Win32
		{DCA23F68-9897-4BE0-BCFB-892492E5E1DF}.ReleaseNoEntry|Mixed Platforms.Build.0 = Release|Win32
		{DCA23F68-9897-4BE0-BCFB-892492E5E1DF}.ReleaseNoEntry|Win32.ActiveCfg = Release|Win32
		{DCA23F68-9897-4BE0-BCFB-892492E5E1DF}.ReleaseNoEntry|Win32.Build.0 = Release|Win32
		{DCA23F68-9897-4BE0-BCFB-892492E5E1DF}.ReleaseNoEntry|x64.ActiveCfg = Release|Win32
		{DCA23F68-9897-4BE0-BCFB-892492E5E1DF}.ReleaseNoEntry|x86.ActiveCfg = Release|Win32
		{DCA23F68-9897-4BE0-BCFB-892492E5E1DF}.ReleaseSafeStl|Mixed Platforms.ActiveCfg = Release|Win32
		{DCA23F68-9897-4BE0-BCFB-892492E5E1DF}.ReleaseSafeStl|Mixed Platforms.Build.0 = Release|Win32
		{DCA23F68-9897-4BE0-BCFB-892492E5E1DF}.ReleaseSafeStl|Win32.ActiveCfg = Release|Win32
		{DCA23F68-9897-4BE0-BCFB-892492E5E1DF}.ReleaseSafeStl|Win32.Build.0 = Release|Win32
		{DCA23F68-9897-4BE0-BCFB-892492E5E1DF}.ReleaseSafeStl|x64.ActiveCfg = Release|Win32
		{DCA23F68-9897-4BE0-BCFB-892492E5E1DF}.ReleaseSafeStl|x86.ActiveCfg = Release|Win32
		{0FA44C8C-F77C-4DB3-A432-70B467B2A1EB}.Debug|Mixed Platforms.ActiveCfg = Debug|Win32
		{0FA44C8C-F77C-4DB3-A432-70B467B2A1EB}.Debug|Mixed Platforms.Build.0 = Debug|Win32
		{0FA44C8C-F77C-4DB3-A432-70B467B2A1EB}.Debug|Win32.ActiveCfg = Debug|Win32
		{0FA44C8C-F77C-4DB3-A432-70B467B2A1EB}.Debug|Win32.Build.0 = Debug|Win32
		{0FA44C8C-F77C-4DB3-A432-70B467B2A1EB}.Debug|x64.ActiveCfg = Debug|Win32
		{0FA44C8C-F77C-4DB3-A432-70B467B2A1EB}.Debug|x86.ActiveCfg = Debug|Win32
		{0FA44C8C-F77C-4DB3-A432-70B467B2A1EB}.DebugDll|Mixed Platforms.ActiveCfg = Debug|Win32
		{0FA44C8C-F77C-4DB3-A432-70B467B2A1EB}.DebugDll|Mixed Platforms.Build.0 = Debug|Win32
		{0FA44C8C-F77C-4DB3-A432-70B467B2A1EB}.DebugDll|Win32.ActiveCfg = Debug|Win32
		{0FA44C8C-F77C-4DB3-A432-70B467B2A1EB}.DebugDll|Win32.Build.0 = Debug|Win32
		{0FA44C8C-F77C-4DB3-A432-70B467B2A1EB}.DebugDll|x64.ActiveCfg = Debug|Win32
		{0FA44C8C-F77C-4DB3-A432-70B467B2A1EB}.DebugDll|x86.ActiveCfg = Debug|Win32
		{0FA44C8C-F77C-4DB3-A432-70B467B2A1EB}.DebugNoEntry|Mixed Platforms.ActiveCfg = Debug|Win32
		{0FA44C8C-F77C-4DB3-A432-70B467B2A1EB}.DebugNoEntry|Mixed Platforms.Build.0 = Debug|Win32
		{0FA44C8C-F77C-4DB3-A432-70B467B2A1EB}.DebugNoEntry|Win32.ActiveCfg = Debug|Win32
		{0FA44C8C-F77C-4DB3-A432-70B467B2A1EB}.DebugNoEntry|Win32.Build.0 = Debug|Win32
		{0FA44C8C-F77C-4DB3-A432-70B467B2A1EB}.DebugNoEntry|x64.ActiveCfg = Debug|Win32
		{0FA44C8C-F77C-4DB3-A432-70B467B2A1EB}.DebugNoEntry|x86.ActiveCfg = Debug|Win32
		{0FA44C8C-F77C-4DB3-A432-70B467B2A1EB}.Release|Mixed Platforms.ActiveCfg = Release|Win32
		{0FA44C8C-F77C-4DB3-A432-70B467B2A1EB}.Release|Mixed Platforms.Build.0 = Release|Win32
		{0FA44C8C-F77C-4DB3-A432-70B467B2A1EB}.Release|Win32.ActiveCfg = Release|Win32
		{0FA44C8C-F77C-4DB3-A432-70B467B2A1EB}.Release|Win32.Build.0 = Release|Win32
		{0FA44C8C-F77C-4DB3-A432-70B467B2A1EB}.Release|x64.ActiveCfg = Release|Win32
		{0FA44C8C-F77C-4DB3-A432-70B467B2A1EB}.Release|x86.ActiveCfg = Release|Win32
		{0FA44C8C-F77C-4DB3-A432-70B467B2A1EB}.ReleaseDll|Mixed Platforms.ActiveCfg = Release|Win32
		{0FA44C8C-F77C-4DB3-A432-70B467B2A1EB}.ReleaseDll|Mixed Platforms.Build.0 = Release|Win32
		{0FA44C8C-F77C-4DB3-A432-70B467B2A1EB}.ReleaseDll|Win32.ActiveCfg = Release|Win32
		{0FA44C8C-F77C-4DB3-A432-70B467B2A1EB}.ReleaseDll|Win32.Build.0 = Release|Win32
		{0FA44C8C-F77C-4DB3-A432-70B467B2A1EB}.ReleaseDll|x64.ActiveCfg = Release|Win32
		{0FA44C8C-F77C-4DB3-A432-70B467B2A1EB}.ReleaseDll|x86.ActiveCfg = Release|Win32
		{0FA44C8C-F77C-4DB3-A432-70B467B2A1EB}.ReleaseNoEntry|Mixed Platforms.ActiveCfg = Release|Win32
		{0FA44C8C-F77C-4DB3-A432-70B467B2A1EB}.ReleaseNoEntry|Mixed Platforms.Build.0 = Release|Win32
		{0FA44C8C-F77C-4DB3-A432-70B467B2A1EB}.ReleaseNoEntry|Win32.ActiveCfg = Release|Win32
		{0FA44C8C-F77C-4DB3-A432-70B467B2A1EB}.ReleaseNoEntry|Win32.Build.0 = Release|Win32
		{0FA44C8C-F77C-4DB3-A432-70B467B2A1EB}.ReleaseNoEntry|x64.ActiveCfg = Release|Win32
		{0FA44C8C-F77C-4DB3-A432-70B467B2A1EB}.ReleaseNoEntry|x86.ActiveCfg = Release|Win32
		{0FA44C8C-F77C-4DB3-A432-70B467B2A1EB}.ReleaseSafeStl|Mixed Platforms.ActiveCfg = Release|Win32
		{0FA44C8C-F77C-4DB3-A432-70B467B2A1EB}.ReleaseSafeStl|Mixed Platforms.Build.0 = Release|Win32
		{0FA44C8C-F77C-4DB3-A432-70B467B2A1EB}.ReleaseSafeStl|Win32.ActiveCfg = Release|Win32
		{0FA44C8C-F77C-4DB3-A432-70B467B2A1EB}.ReleaseSafeStl|Win32.Build.0 = Release|Win32
		{0FA44C8C-F77C-4DB3-A432-70B467B2A1EB}.ReleaseSafeStl|x64.ActiveCfg = Release|Win32
		{0FA44C8C-F77C-4DB3-A432-70B467B2A1EB}.ReleaseSafeStl|x86.ActiveCfg = Release|Win32
	EndGlobalSection
	GlobalSection(SolutionProperties) = preSolution
		HideSolutionNode = FALSE
	EndGlobalSection
	GlobalSection(NestedProjects) = preSolution
		{DCA23F68-9897-4BE0-BCFB-892492E5E1DF} = {57597D93-6546-4315-A7F6-590C3772E6D3}
		{29AF83FF-8F2C-4E61-A82D-9E9788140337} = {57597D93-6546-4315-A7F6-590C3772E6D3}
		{0FA44C8C-F77C-4DB3-A432-70B467B2A1EB} = {FCF80099-DDEB-4B56-A5C2-D5AFF6945625}
	EndGlobalSection
EndGlobal
