<?xml version="1.0" encoding="utf-8"?>
<Project ToolsVersion="4.0" xmlns="http://schemas.microsoft.com/developer/msbuild/2003">
  <ItemGroup>
    <Filter Include="Source Files">
      <UniqueIdentifier>{4FC737F1-C7A5-4376-A066-2A32D752A2FF}</UniqueIdentifier>
      <Extensions>cpp;c;cc;cxx;def;odl;idl;hpj;bat;asm;asmx</Extensions>
    </Filter>
    <Filter Include="Header Files">
      <UniqueIdentifier>{93995380-89BD-4b04-88EB-625FBE52EBFB}</UniqueIdentifier>
      <Extensions>h;hpp;hxx;hm;inl;inc;xsd</Extensions>
    </Filter>
    <Filter Include="Resource Files">
      <UniqueIdentifier>{67DA6AB6-F800-4c08-8B7A-83BB121AAD01}</UniqueIdentifier>
      <Extensions>rc;ico;cur;bmp;dlg;rc2;rct;bin;rgs;gif;jpg;jpeg;jpe;resx;tiff;tif;png;wav;mfcribbon-ms</Extensions>
    </Filter>
    <Filter Include="jpg-lib">
      <UniqueIdentifier>{f18709f5-fafb-4e2a-9f74-201ce485a69b}</UniqueIdentifier>
    </Filter>
    <Filter Include="common">
      <UniqueIdentifier>{373309de-c631-4525-ac9f-20fcf9f147fe}</UniqueIdentifier>
    </Filter>
    <Filter Include="common\include">
      <UniqueIdentifier>{6b58025f-3cea-4d4c-aed1-c22716cdf40b}</UniqueIdentifier>
    </Filter>
    <Filter Include="common\sources">
      <UniqueIdentifier>{89e54606-58c9-42d9-aaf8-d6137ca71610}</UniqueIdentifier>
    </Filter>
    <Filter Include="jpg-lib\includes">
      <UniqueIdentifier>{07347b9b-78aa-4ad1-822f-d21b7ab8ace6}</UniqueIdentifier>
    </Filter>
    <Filter Include="zlib">
      <UniqueIdentifier>{40941c7f-8d64-463d-8bbe-2b952a8d2ce3}</UniqueIdentifier>
    </Filter>
    <Filter Include="zlib\includes">
      <UniqueIdentifier>{a48db905-bea9-4883-a05a-2f518b4a36f5}</UniqueIdentifier>
    </Filter>
  </ItemGroup>
  <ItemGroup>
    <ClInclude Include="..\common\include\cFile.h">
      <Filter>common\include</Filter>
    </ClInclude>
    <ClInclude Include="..\common\include\cFileMapping.h">
      <Filter>common\include</Filter>
    </ClInclude>
    <ClInclude Include="..\common\include\cFileSystemPath.h">
      <Filter>common\include</Filter>
    </ClInclude>
    <ClInclude Include="..\common\include\common_defs.h">
      <Filter>common\include</Filter>
    </ClInclude>
    <ClInclude Include="..\common\include\file_system.h">
      <Filter>common\include</Filter>
    </ClInclude>
    <ClInclude Include="..\conv-core\include\cDllWorkspace.h">
      <Filter>common\include</Filter>
    </ClInclude>
    <ClInclude Include="..\conv-core\include\object_id.h">
      <Filter>common\include</Filter>
    </ClInclude>
    <ClInclude Include="include\core.h">
      <Filter>Header Files</Filter>
    </ClInclude>
    <ClInclude Include="include\descriptor.h">
      <Filter>Header Files</Filter>
    </ClInclude>
    <ClInclude Include="include\operator.h">
      <Filter>Header Files</Filter>
    </ClInclude>
    <ClInclude Include="jpeg\jchuff.h">
      <Filter>jpg-lib\includes</Filter>
    </ClInclude>
    <ClInclude Include="jpeg\jconfig.h">
      <Filter>jpg-lib\includes</Filter>
    </ClInclude>
    <ClInclude Include="jpeg\jdct.h">
      <Filter>jpg-lib\includes</Filter>
    </ClInclude>
    <ClInclude Include="jpeg\jdhuff.h">
      <Filter>jpg-lib\includes</Filter>
    </ClInclude>
    <ClInclude Include="jpeg\jerror.h">
      <Filter>jpg-lib\includes</Filter>
    </ClInclude>
    <ClInclude Include="jpeg\jinclude.h">
      <Filter>jpg-lib\includes</Filter>
    </ClInclude>
    <ClInclude Include="jpeg\jmorecfg.h">
      <Filter>jpg-lib\includes</Filter>
    </ClInclude>
    <ClInclude Include="jpeg\jmemsys.h">
      <Filter>jpg-lib\includes</Filter>
    </ClInclude>
    <ClInclude Include="jpeg\jpegint.h">
      <Filter>jpg-lib\includes</Filter>
    </ClInclude>
    <ClInclude Include="jpeg\jpeglib.h">
      <Filter>jpg-lib\includes</Filter>
    </ClInclude>
    <ClInclude Include="jpeg\jversion.h">
      <Filter>jpg-lib\includes</Filter>
    </ClInclude>
    <ClInclude Include="..\common\zlib\deflate.h">
      <Filter>zlib\includes</Filter>
    </ClInclude>
    <ClInclude Include="..\common\zlib\infblock.h">
      <Filter>zlib\includes</Filter>
    </ClInclude>
    <ClInclude Include="..\common\zlib\infcodes.h">
      <Filter>zlib\includes</Filter>
    </ClInclude>
    <ClInclude Include="..\common\zlib\inffast.h">
      <Filter>zlib\includes</Filter>
    </ClInclude>
    <ClInclude Include="..\common\zlib\inffixed.h">
      <Filter>zlib\includes</Filter>
    </ClInclude>
    <ClInclude Include="..\common\zlib\inftrees.h">
      <Filter>zlib\includes</Filter>
    </ClInclude>
    <ClInclude Include="..\common\zlib\infutil.h">
      <Filter>zlib\includes</Filter>
    </ClInclude>
    <ClInclude Include="..\common\zlib\trees.h">
      <Filter>zlib\includes</Filter>
    </ClInclude>
    <ClInclude Include="..\common\zlib\zconf.h">
      <Filter>zlib\includes</Filter>
    </ClInclude>
    <ClInclude Include="..\common\zlib\zlib.h">
      <Filter>zlib\includes</Filter>
    </ClInclude>
    <ClInclude Include="..\common\zlib\zutil.h">
      <Filter>zlib\includes</Filter>
    </ClInclude>
  </ItemGroup>
  <ItemGroup>
    <ClCompile Include="..\common\source\cFile.cpp">
      <Filter>common\sources</Filter>
    </ClCompile>
    <ClCompile Include="..\common\source\cFileMapping.cpp">
      <Filter>common\sources</Filter>
    </ClCompile>
    <ClCompile Include="..\common\source\cFileSystemPath.cpp">
      <Filter>common\sources</Filter>
    </ClCompile>
    <ClCompile Include="..\common\source\file_system.cpp">
      <Filter>common\sources</Filter>
    </ClCompile>
    <ClCompile Include="source\core.cpp">
      <Filter>Source Files</Filter>
    </ClCompile>
    <ClCompile Include="source\descriptor.cpp">
      <Filter>Source Files</Filter>
    </ClCompile>
    <ClCompile Include="source\operator.cpp">
      <Filter>Source Files</Filter>
    </ClCompile>
    <ClCompile Include="jpeg\jcapimin.c">
      <Filter>jpg-lib</Filter>
    </ClCompile>
    <ClCompile Include="jpeg\jcapistd.c">
      <Filter>jpg-lib</Filter>
    </ClCompile>
    <ClCompile Include="jpeg\jccoefct.c">
      <Filter>jpg-lib</Filter>
    </ClCompile>
    <ClCompile Include="jpeg\jccolor.c">
      <Filter>jpg-lib</Filter>
    </ClCompile>
    <ClCompile Include="jpeg\jcdctmgr.c">
      <Filter>jpg-lib</Filter>
    </ClCompile>
    <ClCompile Include="jpeg\jchuff.c">
      <Filter>jpg-lib</Filter>
    </ClCompile>
    <ClCompile Include="jpeg\jcinit.c">
      <Filter>jpg-lib</Filter>
    </ClCompile>
    <ClCompile Include="jpeg\jcmainct.c">
      <Filter>jpg-lib</Filter>
    </ClCompile>
    <ClCompile Include="jpeg\jcmarker.c">
      <Filter>jpg-lib</Filter>
    </ClCompile>
    <ClCompile Include="jpeg\jcmaster.c">
      <Filter>jpg-lib</Filter>
    </ClCompile>
    <ClCompile Include="jpeg\jcomapi.c">
      <Filter>jpg-lib</Filter>
    </ClCompile>
    <ClCompile Include="jpeg\jcparam.c">
      <Filter>jpg-lib</Filter>
    </ClCompile>
    <ClCompile Include="jpeg\jcphuff.c">
      <Filter>jpg-lib</Filter>
    </ClCompile>
    <ClCompile Include="jpeg\jcprepct.c">
      <Filter>jpg-lib</Filter>
    </ClCompile>
    <ClCompile Include="jpeg\jcsample.c">
      <Filter>jpg-lib</Filter>
    </ClCompile>
    <ClCompile Include="jpeg\jctrans.c">
      <Filter>jpg-lib</Filter>
    </ClCompile>
    <ClCompile Include="jpeg\jdapimin.c">
      <Filter>jpg-lib</Filter>
    </ClCompile>
    <ClCompile Include="jpeg\jdapistd.c">
      <Filter>jpg-lib</Filter>
    </ClCompile>
    <ClCompile Include="jpeg\jdatadst.c">
      <Filter>jpg-lib</Filter>
    </ClCompile>
    <ClCompile Include="jpeg\jdatasrc.c">
      <Filter>jpg-lib</Filter>
    </ClCompile>
    <ClCompile Include="jpeg\jdcoefct.c">
      <Filter>jpg-lib</Filter>
    </ClCompile>
    <ClCompile Include="jpeg\jdcolor.c">
      <Filter>jpg-lib</Filter>
    </ClCompile>
    <ClCompile Include="jpeg\jddctmgr.c">
      <Filter>jpg-lib</Filter>
    </ClCompile>
    <ClCompile Include="jpeg\jdhuff.c">
      <Filter>jpg-lib</Filter>
    </ClCompile>
    <ClCompile Include="jpeg\jdinput.c">
      <Filter>jpg-lib</Filter>
    </ClCompile>
    <ClCompile Include="jpeg\jdmainct.c">
      <Filter>jpg-lib</Filter>
    </ClCompile>
    <ClCompile Include="jpeg\jdmarker.c">
      <Filter>jpg-lib</Filter>
    </ClCompile>
    <ClCompile Include="jpeg\jdmaster.c">
      <Filter>jpg-lib</Filter>
    </ClCompile>
    <ClCompile Include="jpeg\jdmerge.c">
      <Filter>jpg-lib</Filter>
    </ClCompile>
    <ClCompile Include="jpeg\jdphuff.c">
      <Filter>jpg-lib</Filter>
    </ClCompile>
    <ClCompile Include="jpeg\jdpostct.c">
      <Filter>jpg-lib</Filter>
    </ClCompile>
    <ClCompile Include="jpeg\jdsample.c">
      <Filter>jpg-lib</Filter>
    </ClCompile>
    <ClCompile Include="jpeg\jdtrans.c">
      <Filter>jpg-lib</Filter>
    </ClCompile>
    <ClCompile Include="jpeg\jerror.c">
      <Filter>jpg-lib</Filter>
    </ClCompile>
    <ClCompile Include="jpeg\jfdctflt.c">
      <Filter>jpg-lib</Filter>
    </ClCompile>
    <ClCompile Include="jpeg\jfdctfst.c">
      <Filter>jpg-lib</Filter>
    </ClCompile>
    <ClCompile Include="jpeg\jfdctint.c">
      <Filter>jpg-lib</Filter>
    </ClCompile>
    <ClCompile Include="jpeg\jidctflt.c">
      <Filter>jpg-lib</Filter>
    </ClCompile>
    <ClCompile Include="jpeg\jidctfst.c">
      <Filter>jpg-lib</Filter>
    </ClCompile>
    <ClCompile Include="jpeg\jidctint.c">
      <Filter>jpg-lib</Filter>
    </ClCompile>
    <ClCompile Include="jpeg\jidctred.c">
      <Filter>jpg-lib</Filter>
    </ClCompile>
    <ClCompile Include="jpeg\jmemansi.c">
      <Filter>jpg-lib</Filter>
    </ClCompile>
    <ClCompile Include="jpeg\jmemmgr.c">
      <Filter>jpg-lib</Filter>
    </ClCompile>
    <ClCompile Include="jpeg\jquant1.c">
      <Filter>jpg-lib</Filter>
    </ClCompile>
    <ClCompile Include="jpeg\jquant2.c">
      <Filter>jpg-lib</Filter>
    </ClCompile>
    <ClCompile Include="jpeg\jutils.c">
      <Filter>jpg-lib</Filter>
    </ClCompile>
    <ClCompile Include="..\common\zlib\adler32.c">
      <Filter>zlib</Filter>
    </ClCompile>
    <ClCompile Include="..\common\zlib\compress.c">
      <Filter>zlib</Filter>
    </ClCompile>
    <ClCompile Include="..\common\zlib\crc32.c">
      <Filter>zlib</Filter>
    </ClCompile>
    <ClCompile Include="..\common\zlib\deflate.c">
      <Filter>zlib</Filter>
    </ClCompile>
    <ClCompile Include="..\common\zlib\infblock.c">
      <Filter>zlib</Filter>
    </ClCompile>
    <ClCompile Include="..\common\zlib\infcodes.c">
      <Filter>zlib</Filter>
    </ClCompile>
    <ClCompile Include="..\common\zlib\inffast.c">
      <Filter>zlib</Filter>
    </ClCompile>
    <ClCompile Include="..\common\zlib\inflate.c">
      <Filter>zlib</Filter>
    </ClCompile>
    <ClCompile Include="..\common\zlib\inftrees.c">
      <Filter>zlib</Filter>
    </ClCompile>
    <ClCompile Include="..\common\zlib\infutil.c">
      <Filter>zlib</Filter>
    </ClCompile>
    <ClCompile Include="..\common\zlib\trees.c">
      <Filter>zlib</Filter>
    </ClCompile>
    <ClCompile Include="..\common\zlib\uncompr.c">
      <Filter>zlib</Filter>
    </ClCompile>
    <ClCompile Include="..\common\zlib\zutil.c">
      <Filter>zlib</Filter>
    </ClCompile>
  </ItemGroup>
  <ItemGroup>
    <None Include="exports.def">
      <Filter>Resource Files</Filter>
    </None>
  </ItemGroup>
</Project>