<?xml version="1.0" encoding="utf-8"?>
<Project ToolsVersion="4.0" xmlns="http://schemas.microsoft.com/developer/msbuild/2003">
  <ItemGroup>
    <Filter Include="Source Files">
      <UniqueIdentifier>{4FC737F1-C7A5-4376-A066-2A32D752A2FF}</UniqueIdentifier>
      <Extensions>cpp;c;cc;cxx;def;odl;idl;hpj;bat;asm;asmx</Extensions>
    </Filter>
    <Filter Include="Header Files">
      <UniqueIdentifier>{93995380-89BD-4b04-88EB-625FBE52EBFB}</UniqueIdentifier>
      <Extensions>h;hpp;hxx;hm;inl;inc;xsd</Extensions>
    </Filter>
    <Filter Include="Resource Files">
      <UniqueIdentifier>{67DA6AB6-F800-4c08-8B7A-83BB121AAD01}</UniqueIdentifier>
      <Extensions>rc;ico;cur;bmp;dlg;rc2;rct;bin;rgs;gif;jpg;jpeg;jpe;resx;tiff;tif;png;wav;mfcribbon-ms</Extensions>
    </Filter>
    <Filter Include="plugin_api">
      <UniqueIdentifier>{42bd7d40-8651-4bd0-8cd8-66a578a23a77}</UniqueIdentifier>
    </Filter>
    <Filter Include="common">
      <UniqueIdentifier>{84f4f868-f911-4f54-a99a-9065f4ccafe0}</UniqueIdentifier>
    </Filter>
    <Filter Include="common\include">
      <UniqueIdentifier>{30522e98-29bc-4a6c-aaeb-9b010f6cd2ce}</UniqueIdentifier>
    </Filter>
    <Filter Include="common\sources">
      <UniqueIdentifier>{e4e93cc5-2b83-4eed-9609-2f319a79251a}</UniqueIdentifier>
    </Filter>
    <Filter Include="png-lib">
      <UniqueIdentifier>{51210e4e-7b82-48cf-8dc8-8c7eada33f7b}</UniqueIdentifier>
    </Filter>
    <Filter Include="png-lib\includes">
      <UniqueIdentifier>{90e83c36-75c4-4c98-bdb8-7aefecf1ede2}</UniqueIdentifier>
    </Filter>
    <Filter Include="zlib">
      <UniqueIdentifier>{efbf742d-a9bd-4a36-8370-6250559d11d8}</UniqueIdentifier>
    </Filter>
    <Filter Include="zlib\includes">
      <UniqueIdentifier>{4c91887f-c114-46d2-b238-1cbbb01bb0d1}</UniqueIdentifier>
    </Filter>
  </ItemGroup>
  <ItemGroup>
    <ClInclude Include="..\plugin_api\plugin_client_api.h">
      <Filter>plugin_api</Filter>
    </ClInclude>
    <ClInclude Include="..\plugin_api\plugin_desc.h">
      <Filter>plugin_api</Filter>
    </ClInclude>
    <ClInclude Include="..\plugin_api\plugin_image.h">
      <Filter>plugin_api</Filter>
    </ClInclude>
    <ClInclude Include="..\plugin_api\plugin_logger.h">
      <Filter>plugin_api</Filter>
    </ClInclude>
    <ClInclude Include="..\plugin_api\plugin_operator.h">
      <Filter>plugin_api</Filter>
    </ClInclude>
    <ClInclude Include="..\common\include\cFile.h">
      <Filter>common\include</Filter>
    </ClInclude>
    <ClInclude Include="..\common\include\cFileMapping.h">
      <Filter>common\include</Filter>
    </ClInclude>
    <ClInclude Include="..\common\include\cFileSystemPath.h">
      <Filter>common\include</Filter>
    </ClInclude>
    <ClInclude Include="..\common\include\common_defs.h">
      <Filter>common\include</Filter>
    </ClInclude>
    <ClInclude Include="..\common\include\file_system.h">
      <Filter>common\include</Filter>
    </ClInclude>
    <ClInclude Include="..\conv-core\include\cDllWorkspace.h">
      <Filter>common\include</Filter>
    </ClInclude>
    <ClInclude Include="..\conv-core\include\object_id.h">
      <Filter>common\include</Filter>
    </ClInclude>
    <ClInclude Include="include\core.h">
      <Filter>Header Files</Filter>
    </ClInclude>
    <ClInclude Include="include\descriptor.h">
      <Filter>Header Files</Filter>
    </ClInclude>
    <ClInclude Include="include\operator.h">
      <Filter>Header Files</Filter>
    </ClInclude>
    <ClInclude Include="..\plugin_api\plugin_option.h">
      <Filter>plugin_api</Filter>
    </ClInclude>
    <ClInclude Include="png\png.h">
      <Filter>png-lib\includes</Filter>
    </ClInclude>
    <ClInclude Include="png\pngconf.h">
      <Filter>png-lib\includes</Filter>
    </ClInclude>
    <ClInclude Include="png\pngpriv.h">
      <Filter>png-lib\includes</Filter>
    </ClInclude>
    <ClInclude Include="..\common\zlib\deflate.h">
      <Filter>zlib\includes</Filter>
    </ClInclude>
    <ClInclude Include="..\common\zlib\infblock.h">
      <Filter>zlib\includes</Filter>
    </ClInclude>
    <ClInclude Include="..\common\zlib\infcodes.h">
      <Filter>zlib\includes</Filter>
    </ClInclude>
    <ClInclude Include="..\common\zlib\inffast.h">
      <Filter>zlib\includes</Filter>
    </ClInclude>
    <ClInclude Include="..\common\zlib\inffixed.h">
      <Filter>zlib\includes</Filter>
    </ClInclude>
    <ClInclude Include="..\common\zlib\inftrees.h">
      <Filter>zlib\includes</Filter>
    </ClInclude>
    <ClInclude Include="..\common\zlib\infutil.h">
      <Filter>zlib\includes</Filter>
    </ClInclude>
    <ClInclude Include="..\common\zlib\trees.h">
      <Filter>zlib\includes</Filter>
    </ClInclude>
    <ClInclude Include="..\common\zlib\zconf.h">
      <Filter>zlib\includes</Filter>
    </ClInclude>
    <ClInclude Include="..\common\zlib\zlib.h">
      <Filter>zlib\includes</Filter>
    </ClInclude>
    <ClInclude Include="..\common\zlib\zutil.h">
      <Filter>zlib\includes</Filter>
    </ClInclude>
  </ItemGroup>
  <ItemGroup>
    <ClCompile Include="..\common\source\cFile.cpp">
      <Filter>common\sources</Filter>
    </ClCompile>
    <ClCompile Include="..\common\source\cFileMapping.cpp">
      <Filter>common\sources</Filter>
    </ClCompile>
    <ClCompile Include="..\common\source\cFileSystemPath.cpp">
      <Filter>common\sources</Filter>
    </ClCompile>
    <ClCompile Include="..\common\source\file_system.cpp">
      <Filter>common\sources</Filter>
    </ClCompile>
    <ClCompile Include="source\core.cpp">
      <Filter>Source Files</Filter>
    </ClCompile>
    <ClCompile Include="source\descriptor.cpp">
      <Filter>Source Files</Filter>
    </ClCompile>
    <ClCompile Include="source\operator.cpp">
      <Filter>Source Files</Filter>
    </ClCompile>
    <ClCompile Include="png\png.c">
      <Filter>png-lib</Filter>
    </ClCompile>
    <ClCompile Include="png\pngerror.c">
      <Filter>png-lib</Filter>
    </ClCompile>
    <ClCompile Include="png\pnggccrd.c">
      <Filter>png-lib</Filter>
    </ClCompile>
    <ClCompile Include="png\pngget.c">
      <Filter>png-lib</Filter>
    </ClCompile>
    <ClCompile Include="png\pngmem.c">
      <Filter>png-lib</Filter>
    </ClCompile>
    <ClCompile Include="png\pngpread.c">
      <Filter>png-lib</Filter>
    </ClCompile>
    <ClCompile Include="png\pngread.c">
      <Filter>png-lib</Filter>
    </ClCompile>
    <ClCompile Include="png\pngrio.c">
      <Filter>png-lib</Filter>
    </ClCompile>
    <ClCompile Include="png\pngrtran.c">
      <Filter>png-lib</Filter>
    </ClCompile>
    <ClCompile Include="png\pngrutil.c">
      <Filter>png-lib</Filter>
    </ClCompile>
    <ClCompile Include="png\pngset.c">
      <Filter>png-lib</Filter>
    </ClCompile>
    <ClCompile Include="png\pngtrans.c">
      <Filter>png-lib</Filter>
    </ClCompile>
    <ClCompile Include="png\pngvcrd.c">
      <Filter>png-lib</Filter>
    </ClCompile>
    <ClCompile Include="png\pngwio.c">
      <Filter>png-lib</Filter>
    </ClCompile>
    <ClCompile Include="png\pngwrite.c">
      <Filter>png-lib</Filter>
    </ClCompile>
    <ClCompile Include="png\pngwtran.c">
      <Filter>png-lib</Filter>
    </ClCompile>
    <ClCompile Include="png\pngwutil.c">
      <Filter>png-lib</Filter>
    </ClCompile>
    <ClCompile Include="..\common\zlib\adler32.c">
      <Filter>zlib</Filter>
    </ClCompile>
    <ClCompile Include="..\common\zlib\compress.c">
      <Filter>zlib</Filter>
    </ClCompile>
    <ClCompile Include="..\common\zlib\crc32.c">
      <Filter>zlib</Filter>
    </ClCompile>
    <ClCompile Include="..\common\zlib\deflate.c">
      <Filter>zlib</Filter>
    </ClCompile>
    <ClCompile Include="..\common\zlib\infblock.c">
      <Filter>zlib</Filter>
    </ClCompile>
    <ClCompile Include="..\common\zlib\infcodes.c">
      <Filter>zlib</Filter>
    </ClCompile>
    <ClCompile Include="..\common\zlib\inffast.c">
      <Filter>zlib</Filter>
    </ClCompile>
    <ClCompile Include="..\common\zlib\inflate.c">
      <Filter>zlib</Filter>
    </ClCompile>
    <ClCompile Include="..\common\zlib\inftrees.c">
      <Filter>zlib</Filter>
    </ClCompile>
    <ClCompile Include="..\common\zlib\infutil.c">
      <Filter>zlib</Filter>
    </ClCompile>
    <ClCompile Include="..\common\zlib\trees.c">
      <Filter>zlib</Filter>
    </ClCompile>
    <ClCompile Include="..\common\zlib\uncompr.c">
      <Filter>zlib</Filter>
    </ClCompile>
    <ClCompile Include="..\common\zlib\zutil.c">
      <Filter>zlib</Filter>
    </ClCompile>
  </ItemGroup>
  <ItemGroup>
    <None Include="exports.def">
      <Filter>Resource Files</Filter>
    </None>
  </ItemGroup>
</Project>